
Microsoft Visual Studio Solution File, Format Version 12.00
# Visual Studio Version 17
VisualStudioVersion = 17.9.34728.123
MinimumVisualStudioVersion = 10.0.40219.1
Project("{2150E333-8FDC-42A3-9474-1A3956D46DE8}") = "Solution", "Solution", "{02EA681E-C7D8-13C7-8484-4AC65E1B71E8}"
	ProjectSection(SolutionItems) = preProject
		.dockerignore = .dockerignore
		.env = .env
		docker-compose.yml = docker-compose.yml
		Dockerfile = Dockerfile
		Dockerfile.notifications = Dockerfile.notifications
	EndProjectSection
EndProject
Project("{FAE04EC0-301F-11D3-BF4B-00C04F79EFBC}") = "ParkHere.Model", "ParkHere.Model\ParkHere.Model.csproj", "{389E3351-A4B5-D7D7-B0C1-199BD9047BC4}"
EndProject
Project("{FAE04EC0-301F-11D3-BF4B-00C04F79EFBC}") = "ParkHere.Services", "ParkHere.Services\ParkHere.Services.csproj", "{0F006616-AAF6-1FBA-9488-3EC73C020EF9}"
EndProject
Project("{FAE04EC0-301F-11D3-BF4B-00C04F79EFBC}") = "ParkHere.Subscriber", "ParkHere.Subscriber\ParkHere.Subscriber.csproj", "{7A7126D5-0494-00B8-95FA-B3FC4D7C5F53}"
EndProject
Project("{FAE04EC0-301F-11D3-BF4B-00C04F79EFBC}") = "ParkHere.WebAPI", "ParkHere.WebAPI\ParkHere.WebAPI.csproj", "{B2967387-E0CB-30D2-FAB1-C20C18E80DAC}"
EndProject
Global
	GlobalSection(SolutionConfigurationPlatforms) = preSolution
		Debug|Any CPU = Debug|Any CPU
		Release|Any CPU = Release|Any CPU
	EndGlobalSection
	GlobalSection(ProjectConfigurationPlatforms) = postSolution
		{389E3351-A4B5-D7D7-B0C1-199BD9047BC4}.Debug|Any CPU.ActiveCfg = Debug|Any CPU
		{389E3351-A4B5-D7D7-B0C1-199BD9047BC4}.Debug|Any CPU.Build.0 = Debug|Any CPU
		{389E3351-A4B5-D7D7-B0C1-199BD9047BC4}.Release|Any CPU.ActiveCfg = Release|Any CPU
		{389E3351-A4B5-D7D7-B0C1-199BD9047BC4}.Release|Any CPU.Build.0 = Release|Any CPU
		{0F006616-AAF6-1FBA-9488-3EC73C020EF9}.Debug|Any CPU.ActiveCfg = Debug|Any CPU
		{0F006616-AAF6-1FBA-9488-3EC73C020EF9}.Debug|Any CPU.Build.0 = Debug|Any CPU
		{0F006616-AAF6-1FBA-9488-3EC73C020EF9}.Release|Any CPU.ActiveCfg = Release|Any CPU
		{0F006616-AAF6-1FBA-9488-3EC73C020EF9}.Release|Any CPU.Build.0 = Release|Any CPU
		{7A7126D5-0494-00B8-95FA-B3FC4D7C5F53}.Debug|Any CPU.ActiveCfg = Debug|Any CPU
		{7A7126D5-0494-00B8-95FA-B3FC4D7C5F53}.Debug|Any CPU.Build.0 = Debug|Any CPU
		{7A7126D5-0494-00B8-95FA-B3FC4D7C5F53}.Release|Any CPU.ActiveCfg = Release|Any CPU
		{7A7126D5-0494-00B8-95FA-B3FC4D7C5F53}.Release|Any CPU.Build.0 = Release|Any CPU
		{B2967387-E0CB-30D2-FAB1-C20C18E80DAC}.Debug|Any CPU.ActiveCfg = Debug|Any CPU
		{B2967387-E0CB-30D2-FAB1-C20C18E80DAC}.Debug|Any CPU.Build.0 = Debug|Any CPU
		{B2967387-E0CB-30D2-FAB1-C20C18E80DAC}.Release|Any CPU.ActiveCfg = Release|Any CPU
		{B2967387-E0CB-30D2-FAB1-C20C18E80DAC}.Release|Any CPU.Build.0 = Release|Any CPU
	EndGlobalSection
	GlobalSection(SolutionProperties) = preSolution
		HideSolutionNode = FALSE
	EndGlobalSection
	GlobalSection(NestedProjects) = preSolution
		{389E3351-A4B5-D7D7-B0C1-199BD9047BC4} = {02EA681E-C7D8-13C7-8484-4AC65E1B71E8}
		{0F006616-AAF6-1FBA-9488-3EC73C020EF9} = {02EA681E-C7D8-13C7-8484-4AC65E1B71E8}
		{7A7126D5-0494-00B8-95FA-B3FC4D7C5F53} = {02EA681E-C7D8-13C7-8484-4AC65E1B71E8}
		{B2967387-E0CB-30D2-FAB1-C20C18E80DAC} = {02EA681E-C7D8-13C7-8484-4AC65E1B71E8}
	EndGlobalSection
	GlobalSection(ExtensibilityGlobals) = postSolution
		SolutionGuid = {70985692-746F-4580-9BCD-9C20A0EE8664}
	EndGlobalSection
EndGlobal
